
Microsoft Visual Studio Solution File, Format Version 12.00
# Visual Studio Version 17
VisualStudioVersion = 17.0.31903.59
MinimumVisualStudioVersion = 10.0.40219.1
Project("{2150E333-8FDC-42A3-9474-1A3956D46DE8}") = "src", "src", "{827E0CD3-B72D-47B6-A68D-7590B98EB39B}"
EndProject
Project("{FAE04EC0-301F-11D3-BF4B-00C04F79EFBC}") = "Cw.Web", "src\Cw.Web\Cw.Web.csproj", "{4BB6F1A9-754C-445A-81ED-9A34CD548838}"
EndProject
Project("{FAE04EC0-301F-11D3-BF4B-00C04F79EFBC}") = "Cw.Application", "src\Cw.Application\Cw.Application.csproj", "{AE29E407-A831-40B2-833C-2ADC1861C1C8}"
EndProject
Project("{FAE04EC0-301F-11D3-BF4B-00C04F79EFBC}") = "Cw.Domain", "src\Cw.Domain\Cw.Domain.csproj", "{E411256A-C2D9-4BF3-A989-95AEA2AB3CCD}"
EndProject
Project("{FAE04EC0-301F-11D3-BF4B-00C04F79EFBC}") = "Cw.Infrastructure", "src\Cw.Infrastructure\Cw.Infrastructure.csproj", "{47EF70E3-3091-41AD-9415-256D7A976032}"
EndProject
Global
	GlobalSection(SolutionConfigurationPlatforms) = preSolution
		Debug|Any CPU = Debug|Any CPU
		Debug|x64 = Debug|x64
		Debug|x86 = Debug|x86
		Release|Any CPU = Release|Any CPU
		Release|x64 = Release|x64
		Release|x86 = Release|x86
	EndGlobalSection
	GlobalSection(ProjectConfigurationPlatforms) = postSolution
		{4BB6F1A9-754C-445A-81ED-9A34CD548838}.Debug|Any CPU.ActiveCfg = Debug|Any CPU
		{4BB6F1A9-754C-445A-81ED-9A34CD548838}.Debug|Any CPU.Build.0 = Debug|Any CPU
		{4BB6F1A9-754C-445A-81ED-9A34CD548838}.Debug|x64.ActiveCfg = Debug|Any CPU
		{4BB6F1A9-754C-445A-81ED-9A34CD548838}.Debug|x64.Build.0 = Debug|Any CPU
		{4BB6F1A9-754C-445A-81ED-9A34CD548838}.Debug|x86.ActiveCfg = Debug|Any CPU
		{4BB6F1A9-754C-445A-81ED-9A34CD548838}.Debug|x86.Build.0 = Debug|Any CPU
		{4BB6F1A9-754C-445A-81ED-9A34CD548838}.Release|Any CPU.ActiveCfg = Release|Any CPU
		{4BB6F1A9-754C-445A-81ED-9A34CD548838}.Release|Any CPU.Build.0 = Release|Any CPU
		{4BB6F1A9-754C-445A-81ED-9A34CD548838}.Release|x64.ActiveCfg = Release|Any CPU
		{4BB6F1A9-754C-445A-81ED-9A34CD548838}.Release|x64.Build.0 = Release|Any CPU
		{4BB6F1A9-754C-445A-81ED-9A34CD548838}.Release|x86.ActiveCfg = Release|Any CPU
		{4BB6F1A9-754C-445A-81ED-9A34CD548838}.Release|x86.Build.0 = Release|Any CPU
		{AE29E407-A831-40B2-833C-2ADC1861C1C8}.Debug|Any CPU.ActiveCfg = Debug|Any CPU
		{AE29E407-A831-40B2-833C-2ADC1861C1C8}.Debug|Any CPU.Build.0 = Debug|Any CPU
		{AE29E407-A831-40B2-833C-2ADC1861C1C8}.Debug|x64.ActiveCfg = Debug|Any CPU
		{AE29E407-A831-40B2-833C-2ADC1861C1C8}.Debug|x64.Build.0 = Debug|Any CPU
		{AE29E407-A831-40B2-833C-2ADC1861C1C8}.Debug|x86.ActiveCfg = Debug|Any CPU
		{AE29E407-A831-40B2-833C-2ADC1861C1C8}.Debug|x86.Build.0 = Debug|Any CPU
		{AE29E407-A831-40B2-833C-2ADC1861C1C8}.Release|Any CPU.ActiveCfg = Release|Any CPU
		{AE29E407-A831-40B2-833C-2ADC1861C1C8}.Release|Any CPU.Build.0 = Release|Any CPU
		{AE29E407-A831-40B2-833C-2ADC1861C1C8}.Release|x64.ActiveCfg = Release|Any CPU
		{AE29E407-A831-40B2-833C-2ADC1861C1C8}.Release|x64.Build.0 = Release|Any CPU
		{AE29E407-A831-40B2-833C-2ADC1861C1C8}.Release|x86.ActiveCfg = Release|Any CPU
		{AE29E407-A831-40B2-833C-2ADC1861C1C8}.Release|x86.Build.0 = Release|Any CPU
		{E411256A-C2D9-4BF3-A989-95AEA2AB3CCD}.Debug|Any CPU.ActiveCfg = Debug|Any CPU
		{E411256A-C2D9-4BF3-A989-95AEA2AB3CCD}.Debug|Any CPU.Build.0 = Debug|Any CPU
		{E411256A-C2D9-4BF3-A989-95AEA2AB3CCD}.Debug|x64.ActiveCfg = Debug|Any CPU
		{E411256A-C2D9-4BF3-A989-95AEA2AB3CCD}.Debug|x64.Build.0 = Debug|Any CPU
		{E411256A-C2D9-4BF3-A989-95AEA2AB3CCD}.Debug|x86.ActiveCfg = Debug|Any CPU
		{E411256A-C2D9-4BF3-A989-95AEA2AB3CCD}.Debug|x86.Build.0 = Debug|Any CPU
		{E411256A-C2D9-4BF3-A989-95AEA2AB3CCD}.Release|Any CPU.ActiveCfg = Release|Any CPU
		{E411256A-C2D9-4BF3-A989-95AEA2AB3CCD}.Release|Any CPU.Build.0 = Release|Any CPU
		{E411256A-C2D9-4BF3-A989-95AEA2AB3CCD}.Release|x64.ActiveCfg = Release|Any CPU
		{E411256A-C2D9-4BF3-A989-95AEA2AB3CCD}.Release|x64.Build.0 = Release|Any CPU
		{E411256A-C2D9-4BF3-A989-95AEA2AB3CCD}.Release|x86.ActiveCfg = Release|Any CPU
		{E411256A-C2D9-4BF3-A989-95AEA2AB3CCD}.Release|x86.Build.0 = Release|Any CPU
		{47EF70E3-3091-41AD-9415-256D7A976032}.Debug|Any CPU.ActiveCfg = Debug|Any CPU
		{47EF70E3-3091-41AD-9415-256D7A976032}.Debug|Any CPU.Build.0 = Debug|Any CPU
		{47EF70E3-3091-41AD-9415-256D7A976032}.Debug|x64.ActiveCfg = Debug|Any CPU
		{47EF70E3-3091-41AD-9415-256D7A976032}.Debug|x64.Build.0 = Debug|Any CPU
		{47EF70E3-3091-41AD-9415-256D7A976032}.Debug|x86.ActiveCfg = Debug|Any CPU
		{47EF70E3-3091-41AD-9415-256D7A976032}.Debug|x86.Build.0 = Debug|Any CPU
		{47EF70E3-3091-41AD-9415-256D7A976032}.Release|Any CPU.ActiveCfg = Release|Any CPU
		{47EF70E3-3091-41AD-9415-256D7A976032}.Release|Any CPU.Build.0 = Release|Any CPU
		{47EF70E3-3091-41AD-9415-256D7A976032}.Release|x64.ActiveCfg = Release|Any CPU
		{47EF70E3-3091-41AD-9415-256D7A976032}.Release|x64.Build.0 = Release|Any CPU
		{47EF70E3-3091-41AD-9415-256D7A976032}.Release|x86.ActiveCfg = Release|Any CPU
		{47EF70E3-3091-41AD-9415-256D7A976032}.Release|x86.Build.0 = Release|Any CPU
	EndGlobalSection
	GlobalSection(SolutionProperties) = preSolution
		HideSolutionNode = FALSE
	EndGlobalSection
	GlobalSection(NestedProjects) = preSolution
		{4BB6F1A9-754C-445A-81ED-9A34CD548838} = {827E0CD3-B72D-47B6-A68D-7590B98EB39B}
		{AE29E407-A831-40B2-833C-2ADC1861C1C8} = {827E0CD3-B72D-47B6-A68D-7590B98EB39B}
		{E411256A-C2D9-4BF3-A989-95AEA2AB3CCD} = {827E0CD3-B72D-47B6-A68D-7590B98EB39B}
		{47EF70E3-3091-41AD-9415-256D7A976032} = {827E0CD3-B72D-47B6-A68D-7590B98EB39B}
	EndGlobalSection
EndGlobal
